
Microsoft Visual Studio Solution File, Format Version 12.00
# Visual Studio Version 17
VisualStudioVersion = 17.0.31903.59
MinimumVisualStudioVersion = 10.0.40219.1
Project("{2150E333-8FDC-42A3-9474-1A3956D46DE8}") = "src", "src", "{827E0CD3-B72D-47B6-A68D-7590B98EB39B}"
EndProject
Project("{FAE04EC0-301F-11D3-BF4B-00C04F79EFBC}") = "CrudUsuarios.API", "src\CrudUsuarios.API\CrudUsuarios.API.csproj", "{23A7659C-B103-4FBA-91D6-A969594E41FC}"
EndProject
Project("{FAE04EC0-301F-11D3-BF4B-00C04F79EFBC}") = "CrudUsuarios.Application", "src\CrudUsuarios.Application\CrudUsuarios.Application.csproj", "{B0DD61E0-3C2D-4204-97D7-E3A72AB69987}"
EndProject
Project("{FAE04EC0-301F-11D3-BF4B-00C04F79EFBC}") = "CrudUsuarios.Domain", "src\CrudUsuarios.Domain\CrudUsuarios.Domain.csproj", "{58345D2B-92D2-4BA0-A445-7EE268938005}"
EndProject
Project("{FAE04EC0-301F-11D3-BF4B-00C04F79EFBC}") = "CrudUsuarios.Infrastructure", "src\CrudUsuarios.Infrastructure\CrudUsuarios.Infrastructure.csproj", "{C0FC3C94-5D40-4173-BF2E-CAE814D67B9C}"
EndProject
Project("{FAE04EC0-301F-11D3-BF4B-00C04F79EFBC}") = "CrudUsuarios.WPF", "src\CrudUsuarios.WPF\CrudUsuarios.WPF.csproj", "{C0DA1A00-1D86-47CD-8BB8-20F26206104C}"
EndProject
Global
	GlobalSection(SolutionConfigurationPlatforms) = preSolution
		Debug|Any CPU = Debug|Any CPU
		Debug|x64 = Debug|x64
		Debug|x86 = Debug|x86
		Release|Any CPU = Release|Any CPU
		Release|x64 = Release|x64
		Release|x86 = Release|x86
	EndGlobalSection
	GlobalSection(ProjectConfigurationPlatforms) = postSolution
		{23A7659C-B103-4FBA-91D6-A969594E41FC}.Debug|Any CPU.ActiveCfg = Debug|Any CPU
		{23A7659C-B103-4FBA-91D6-A969594E41FC}.Debug|Any CPU.Build.0 = Debug|Any CPU
		{23A7659C-B103-4FBA-91D6-A969594E41FC}.Debug|x64.ActiveCfg = Debug|Any CPU
		{23A7659C-B103-4FBA-91D6-A969594E41FC}.Debug|x64.Build.0 = Debug|Any CPU
		{23A7659C-B103-4FBA-91D6-A969594E41FC}.Debug|x86.ActiveCfg = Debug|Any CPU
		{23A7659C-B103-4FBA-91D6-A969594E41FC}.Debug|x86.Build.0 = Debug|Any CPU
		{23A7659C-B103-4FBA-91D6-A969594E41FC}.Release|Any CPU.ActiveCfg = Release|Any CPU
		{23A7659C-B103-4FBA-91D6-A969594E41FC}.Release|Any CPU.Build.0 = Release|Any CPU
		{23A7659C-B103-4FBA-91D6-A969594E41FC}.Release|x64.ActiveCfg = Release|Any CPU
		{23A7659C-B103-4FBA-91D6-A969594E41FC}.Release|x64.Build.0 = Release|Any CPU
		{23A7659C-B103-4FBA-91D6-A969594E41FC}.Release|x86.ActiveCfg = Release|Any CPU
		{23A7659C-B103-4FBA-91D6-A969594E41FC}.Release|x86.Build.0 = Release|Any CPU
		{B0DD61E0-3C2D-4204-97D7-E3A72AB69987}.Debug|Any CPU.ActiveCfg = Debug|Any CPU
		{B0DD61E0-3C2D-4204-97D7-E3A72AB69987}.Debug|Any CPU.Build.0 = Debug|Any CPU
		{B0DD61E0-3C2D-4204-97D7-E3A72AB69987}.Debug|x64.ActiveCfg = Debug|Any CPU
		{B0DD61E0-3C2D-4204-97D7-E3A72AB69987}.Debug|x64.Build.0 = Debug|Any CPU
		{B0DD61E0-3C2D-4204-97D7-E3A72AB69987}.Debug|x86.ActiveCfg = Debug|Any CPU
		{B0DD61E0-3C2D-4204-97D7-E3A72AB69987}.Debug|x86.Build.0 = Debug|Any CPU
		{B0DD61E0-3C2D-4204-97D7-E3A72AB69987}.Release|Any CPU.ActiveCfg = Release|Any CPU
		{B0DD61E0-3C2D-4204-97D7-E3A72AB69987}.Release|Any CPU.Build.0 = Release|Any CPU
		{B0DD61E0-3C2D-4204-97D7-E3A72AB69987}.Release|x64.ActiveCfg = Release|Any CPU
		{B0DD61E0-3C2D-4204-97D7-E3A72AB69987}.Release|x64.Build.0 = Release|Any CPU
		{B0DD61E0-3C2D-4204-97D7-E3A72AB69987}.Release|x86.ActiveCfg = Release|Any CPU
		{B0DD61E0-3C2D-4204-97D7-E3A72AB69987}.Release|x86.Build.0 = Release|Any CPU
		{58345D2B-92D2-4BA0-A445-7EE268938005}.Debug|Any CPU.ActiveCfg = Debug|Any CPU
		{58345D2B-92D2-4BA0-A445-7EE268938005}.Debug|Any CPU.Build.0 = Debug|Any CPU
		{58345D2B-92D2-4BA0-A445-7EE268938005}.Debug|x64.ActiveCfg = Debug|Any CPU
		{58345D2B-92D2-4BA0-A445-7EE268938005}.Debug|x64.Build.0 = Debug|Any CPU
		{58345D2B-92D2-4BA0-A445-7EE268938005}.Debug|x86.ActiveCfg = Debug|Any CPU
		{58345D2B-92D2-4BA0-A445-7EE268938005}.Debug|x86.Build.0 = Debug|Any CPU
		{58345D2B-92D2-4BA0-A445-7EE268938005}.Release|Any CPU.ActiveCfg = Release|Any CPU
		{58345D2B-92D2-4BA0-A445-7EE268938005}.Release|Any CPU.Build.0 = Release|Any CPU
		{58345D2B-92D2-4BA0-A445-7EE268938005}.Release|x64.ActiveCfg = Release|Any CPU
		{58345D2B-92D2-4BA0-A445-7EE268938005}.Release|x64.Build.0 = Release|Any CPU
		{58345D2B-92D2-4BA0-A445-7EE268938005}.Release|x86.ActiveCfg = Release|Any CPU
		{58345D2B-92D2-4BA0-A445-7EE268938005}.Release|x86.Build.0 = Release|Any CPU
		{C0FC3C94-5D40-4173-BF2E-CAE814D67B9C}.Debug|Any CPU.ActiveCfg = Debug|Any CPU
		{C0FC3C94-5D40-4173-BF2E-CAE814D67B9C}.Debug|Any CPU.Build.0 = Debug|Any CPU
		{C0FC3C94-5D40-4173-BF2E-CAE814D67B9C}.Debug|x64.ActiveCfg = Debug|Any CPU
		{C0FC3C94-5D40-4173-BF2E-CAE814D67B9C}.Debug|x64.Build.0 = Debug|Any CPU
		{C0FC3C94-5D40-4173-BF2E-CAE814D67B9C}.Debug|x86.ActiveCfg = Debug|Any CPU
		{C0FC3C94-5D40-4173-BF2E-CAE814D67B9C}.Debug|x86.Build.0 = Debug|Any CPU
		{C0FC3C94-5D40-4173-BF2E-CAE814D67B9C}.Release|Any CPU.ActiveCfg = Release|Any CPU
		{C0FC3C94-5D40-4173-BF2E-CAE814D67B9C}.Release|Any CPU.Build.0 = Release|Any CPU
		{C0FC3C94-5D40-4173-BF2E-CAE814D67B9C}.Release|x64.ActiveCfg = Release|Any CPU
		{C0FC3C94-5D40-4173-BF2E-CAE814D67B9C}.Release|x64.Build.0 = Release|Any CPU
		{C0FC3C94-5D40-4173-BF2E-CAE814D67B9C}.Release|x86.ActiveCfg = Release|Any CPU
		{C0FC3C94-5D40-4173-BF2E-CAE814D67B9C}.Release|x86.Build.0 = Release|Any CPU
		{C0DA1A00-1D86-47CD-8BB8-20F26206104C}.Debug|Any CPU.ActiveCfg = Debug|Any CPU
		{C0DA1A00-1D86-47CD-8BB8-20F26206104C}.Debug|Any CPU.Build.0 = Debug|Any CPU
		{C0DA1A00-1D86-47CD-8BB8-20F26206104C}.Debug|x64.ActiveCfg = Debug|Any CPU
		{C0DA1A00-1D86-47CD-8BB8-20F26206104C}.Debug|x64.Build.0 = Debug|Any CPU
		{C0DA1A00-1D86-47CD-8BB8-20F26206104C}.Debug|x86.ActiveCfg = Debug|Any CPU
		{C0DA1A00-1D86-47CD-8BB8-20F26206104C}.Debug|x86.Build.0 = Debug|Any CPU
		{C0DA1A00-1D86-47CD-8BB8-20F26206104C}.Release|Any CPU.ActiveCfg = Release|Any CPU
		{C0DA1A00-1D86-47CD-8BB8-20F26206104C}.Release|Any CPU.Build.0 = Release|Any CPU
		{C0DA1A00-1D86-47CD-8BB8-20F26206104C}.Release|x64.ActiveCfg = Release|Any CPU
		{C0DA1A00-1D86-47CD-8BB8-20F26206104C}.Release|x64.Build.0 = Release|Any CPU
		{C0DA1A00-1D86-47CD-8BB8-20F26206104C}.Release|x86.ActiveCfg = Release|Any CPU
		{C0DA1A00-1D86-47CD-8BB8-20F26206104C}.Release|x86.Build.0 = Release|Any CPU
	EndGlobalSection
	GlobalSection(SolutionProperties) = preSolution
		HideSolutionNode = FALSE
	EndGlobalSection
	GlobalSection(NestedProjects) = preSolution
		{23A7659C-B103-4FBA-91D6-A969594E41FC} = {827E0CD3-B72D-47B6-A68D-7590B98EB39B}
		{B0DD61E0-3C2D-4204-97D7-E3A72AB69987} = {827E0CD3-B72D-47B6-A68D-7590B98EB39B}
		{58345D2B-92D2-4BA0-A445-7EE268938005} = {827E0CD3-B72D-47B6-A68D-7590B98EB39B}
		{C0FC3C94-5D40-4173-BF2E-CAE814D67B9C} = {827E0CD3-B72D-47B6-A68D-7590B98EB39B}
		{C0DA1A00-1D86-47CD-8BB8-20F26206104C} = {827E0CD3-B72D-47B6-A68D-7590B98EB39B}
	EndGlobalSection
EndGlobal
